// !$*UTF8*$!
{
	archiveVersion = 1;
	classes = {
	};
	objectVersion = 56;
	objects = {

/* Begin PBXBuildFile section */
		0B3C52E1294684A90042C6E6 /* AppDelegate.swift in Sources */ = {isa = PBXBuildFile; fileRef = 0B3C52E0294684A90042C6E6 /* AppDelegate.swift */; };
		0B3C52E3294684A90042C6E6 /* ContentView.swift in Sources */ = {isa = PBXBuildFile; fileRef = 0B3C52E2294684A90042C6E6 /* ContentView.swift */; };
		0B3C52E5294684A90042C6E6 /* Experience.rcproject in Sources */ = {isa = PBXBuildFile; fileRef = 0B3C52E4294684A90042C6E6 /* Experience.rcproject */; };
		0B3C52E7294684AA0042C6E6 /* Assets.xcassets in Resources */ = {isa = PBXBuildFile; fileRef = 0B3C52E6294684AA0042C6E6 /* Assets.xcassets */; };
		0B3C52EA294684AA0042C6E6 /* Preview Assets.xcassets in Resources */ = {isa = PBXBuildFile; fileRef = 0B3C52E9294684AA0042C6E6 /* Preview Assets.xcassets */; };
		0B3C52F4294684AA0042C6E6 /* WordPointTests.swift in Sources */ = {isa = PBXBuildFile; fileRef = 0B3C52F3294684AA0042C6E6 /* WordPointTests.swift */; };
		0B3C52FE294684AA0042C6E6 /* WordPointUITests.swift in Sources */ = {isa = PBXBuildFile; fileRef = 0B3C52FD294684AA0042C6E6 /* WordPointUITests.swift */; };
		0B3C5300294684AA0042C6E6 /* WordPointUITestsLaunchTests.swift in Sources */ = {isa = PBXBuildFile; fileRef = 0B3C52FF294684AA0042C6E6 /* WordPointUITestsLaunchTests.swift */; };
		0B3C530D2946867F0042C6E6 /* ARView.swift in Sources */ = {isa = PBXBuildFile; fileRef = 0B3C530C2946867F0042C6E6 /* ARView.swift */; };
		0B3C5312294698440042C6E6 /* PlaneEnum.swift in Sources */ = {isa = PBXBuildFile; fileRef = 0B3C5311294698440042C6E6 /* PlaneEnum.swift */; };
		0B3C53152946C6840042C6E6 /* FocusEntity in Frameworks */ = {isa = PBXBuildFile; productRef = 0B3C53142946C6840042C6E6 /* FocusEntity */; };
		0B3C5317294952660042C6E6 /* Dice.usdz in Resources */ = {isa = PBXBuildFile; fileRef = 0B3C5316294952660042C6E6 /* Dice.usdz */; };
/* End PBXBuildFile section */

/* Begin PBXContainerItemProxy section */
		0B3C52F0294684AA0042C6E6 /* PBXContainerItemProxy */ = {
			isa = PBXContainerItemProxy;
			containerPortal = 0B3C52D5294684A90042C6E6 /* Project object */;
			proxyType = 1;
			remoteGlobalIDString = 0B3C52DC294684A90042C6E6;
			remoteInfo = WordPoint;
		};
		0B3C52FA294684AA0042C6E6 /* PBXContainerItemProxy */ = {
			isa = PBXContainerItemProxy;
			containerPortal = 0B3C52D5294684A90042C6E6 /* Project object */;
			proxyType = 1;
			remoteGlobalIDString = 0B3C52DC294684A90042C6E6;
			remoteInfo = WordPoint;
		};
/* End PBXContainerItemProxy section */

/* Begin PBXFileReference section */
		0B3C52DD294684A90042C6E6 /* WordPoint.app */ = {isa = PBXFileReference; explicitFileType = wrapper.application; includeInIndex = 0; path = WordPoint.app; sourceTree = BUILT_PRODUCTS_DIR; };
		0B3C52E0294684A90042C6E6 /* AppDelegate.swift */ = {isa = PBXFileReference; lastKnownFileType = sourcecode.swift; path = AppDelegate.swift; sourceTree = "<group>"; };
		0B3C52E2294684A90042C6E6 /* ContentView.swift */ = {isa = PBXFileReference; lastKnownFileType = sourcecode.swift; path = ContentView.swift; sourceTree = "<group>"; };
		0B3C52E4294684A90042C6E6 /* Experience.rcproject */ = {isa = PBXFileReference; lastKnownFileType = file.rcproject; path = Experience.rcproject; sourceTree = "<group>"; };
		0B3C52E6294684AA0042C6E6 /* Assets.xcassets */ = {isa = PBXFileReference; lastKnownFileType = folder.assetcatalog; path = Assets.xcassets; sourceTree = "<group>"; };
		0B3C52E9294684AA0042C6E6 /* Preview Assets.xcassets */ = {isa = PBXFileReference; lastKnownFileType = folder.assetcatalog; path = "Preview Assets.xcassets"; sourceTree = "<group>"; };
		0B3C52EF294684AA0042C6E6 /* WordPointTests.xctest */ = {isa = PBXFileReference; explicitFileType = wrapper.cfbundle; includeInIndex = 0; path = WordPointTests.xctest; sourceTree = BUILT_PRODUCTS_DIR; };
		0B3C52F3294684AA0042C6E6 /* WordPointTests.swift */ = {isa = PBXFileReference; lastKnownFileType = sourcecode.swift; path = WordPointTests.swift; sourceTree = "<group>"; };
		0B3C52F9294684AA0042C6E6 /* WordPointUITests.xctest */ = {isa = PBXFileReference; explicitFileType = wrapper.cfbundle; includeInIndex = 0; path = WordPointUITests.xctest; sourceTree = BUILT_PRODUCTS_DIR; };
		0B3C52FD294684AA0042C6E6 /* WordPointUITests.swift */ = {isa = PBXFileReference; lastKnownFileType = sourcecode.swift; path = WordPointUITests.swift; sourceTree = "<group>"; };
		0B3C52FF294684AA0042C6E6 /* WordPointUITestsLaunchTests.swift */ = {isa = PBXFileReference; lastKnownFileType = sourcecode.swift; path = WordPointUITestsLaunchTests.swift; sourceTree = "<group>"; };
		0B3C530C2946867F0042C6E6 /* ARView.swift */ = {isa = PBXFileReference; lastKnownFileType = sourcecode.swift; path = ARView.swift; sourceTree = "<group>"; };
		0B3C530E294693C40042C6E6 /* Info.plist */ = {isa = PBXFileReference; lastKnownFileType = text.plist; path = Info.plist; sourceTree = "<group>"; };
		0B3C530F2946940A0042C6E6 /* ttd.txt */ = {isa = PBXFileReference; lastKnownFileType = text; path = ttd.txt; sourceTree = "<group>"; };
		0B3C5311294698440042C6E6 /* PlaneEnum.swift */ = {isa = PBXFileReference; lastKnownFileType = sourcecode.swift; path = PlaneEnum.swift; sourceTree = "<group>"; };
		0B3C5316294952660042C6E6 /* Dice.usdz */ = {isa = PBXFileReference; lastKnownFileType = file.usdz; path = Dice.usdz; sourceTree = "<group>"; };
		0B3C531829495BD70042C6E6 /* LaserRed.reality */ = {isa = PBXFileReference; lastKnownFileType = file; path = LaserRed.reality; sourceTree = "<group>"; };
/* End PBXFileReference section */

/* Begin PBXFrameworksBuildPhase section */
		0B3C52DA294684A90042C6E6 /* Frameworks */ = {
			isa = PBXFrameworksBuildPhase;
			buildActionMask = 2147483647;
			files = (
				0B3C53152946C6840042C6E6 /* FocusEntity in Frameworks */,
			);
			runOnlyForDeploymentPostprocessing = 0;
		};
		0B3C52EC294684AA0042C6E6 /* Frameworks */ = {
			isa = PBXFrameworksBuildPhase;
			buildActionMask = 2147483647;
			files = (
			);
			runOnlyForDeploymentPostprocessing = 0;
		};
		0B3C52F6294684AA0042C6E6 /* Frameworks */ = {
			isa = PBXFrameworksBuildPhase;
			buildActionMask = 2147483647;
			files = (
			);
			runOnlyForDeploymentPostprocessing = 0;
		};
/* End PBXFrameworksBuildPhase section */

/* Begin PBXGroup section */
		0B3C52D4294684A90042C6E6 = {
			isa = PBXGroup;
			children = (
				0B3C530F2946940A0042C6E6 /* ttd.txt */,
				0B3C52DF294684A90042C6E6 /* WordPoint */,
				0B3C52F2294684AA0042C6E6 /* WordPointTests */,
				0B3C52FC294684AA0042C6E6 /* WordPointUITests */,
				0B3C52DE294684A90042C6E6 /* Products */,
			);
			sourceTree = "<group>";
		};
		0B3C52DE294684A90042C6E6 /* Products */ = {
			isa = PBXGroup;
			children = (
				0B3C52DD294684A90042C6E6 /* WordPoint.app */,
				0B3C52EF294684AA0042C6E6 /* WordPointTests.xctest */,
				0B3C52F9294684AA0042C6E6 /* WordPointUITests.xctest */,
			);
			name = Products;
			sourceTree = "<group>";
		};
		0B3C52DF294684A90042C6E6 /* WordPoint */ = {
			isa = PBXGroup;
			children = (
				0B3C531929495BE60042C6E6 /* Resources */,
				0B3C53102946982A0042C6E6 /* Model */,
				0B3C530E294693C40042C6E6 /* Info.plist */,
				0B3C52E0294684A90042C6E6 /* AppDelegate.swift */,
				0B3C530C2946867F0042C6E6 /* ARView.swift */,
				0B3C52E2294684A90042C6E6 /* ContentView.swift */,
				0B3C52E8294684AA0042C6E6 /* Preview Content */,
			);
			path = WordPoint;
			sourceTree = "<group>";
		};
		0B3C52E8294684AA0042C6E6 /* Preview Content */ = {
			isa = PBXGroup;
			children = (
				0B3C52E9294684AA0042C6E6 /* Preview Assets.xcassets */,
			);
			path = "Preview Content";
			sourceTree = "<group>";
		};
		0B3C52F2294684AA0042C6E6 /* WordPointTests */ = {
			isa = PBXGroup;
			children = (
				0B3C52F3294684AA0042C6E6 /* WordPointTests.swift */,
			);
			path = WordPointTests;
			sourceTree = "<group>";
		};
		0B3C52FC294684AA0042C6E6 /* WordPointUITests */ = {
			isa = PBXGroup;
			children = (
				0B3C52FD294684AA0042C6E6 /* WordPointUITests.swift */,
				0B3C52FF294684AA0042C6E6 /* WordPointUITestsLaunchTests.swift */,
			);
			path = WordPointUITests;
			sourceTree = "<group>";
		};
		0B3C53102946982A0042C6E6 /* Model */ = {
			isa = PBXGroup;
			children = (
				0B3C5311294698440042C6E6 /* PlaneEnum.swift */,
			);
			path = Model;
			sourceTree = "<group>";
		};
		0B3C531929495BE60042C6E6 /* Resources */ = {
			isa = PBXGroup;
			children = (
				0B3C52E6294684AA0042C6E6 /* Assets.xcassets */,
				0B3C5316294952660042C6E6 /* Dice.usdz */,
				0B3C52E4294684A90042C6E6 /* Experience.rcproject */,
				0B3C531829495BD70042C6E6 /* LaserRed.reality */,
			);
			path = Resources;
			sourceTree = "<group>";
		};
/* End PBXGroup section */

/* Begin PBXNativeTarget section */
		0B3C52DC294684A90042C6E6 /* WordPoint */ = {
			isa = PBXNativeTarget;
			buildConfigurationList = 0B3C5303294684AA0042C6E6 /* Build configuration list for PBXNativeTarget "WordPoint" */;
			buildPhases = (
				0B3C52D9294684A90042C6E6 /* Sources */,
				0B3C52DA294684A90042C6E6 /* Frameworks */,
				0B3C52DB294684A90042C6E6 /* Resources */,
			);
			buildRules = (
			);
			dependencies = (
			);
			name = WordPoint;
			packageProductDependencies = (
				0B3C53142946C6840042C6E6 /* FocusEntity */,
			);
			productName = WordPoint;
			productReference = 0B3C52DD294684A90042C6E6 /* WordPoint.app */;
			productType = "com.apple.product-type.application";
		};
		0B3C52EE294684AA0042C6E6 /* WordPointTests */ = {
			isa = PBXNativeTarget;
			buildConfigurationList = 0B3C5306294684AA0042C6E6 /* Build configuration list for PBXNativeTarget "WordPointTests" */;
			buildPhases = (
				0B3C52EB294684AA0042C6E6 /* Sources */,
				0B3C52EC294684AA0042C6E6 /* Frameworks */,
				0B3C52ED294684AA0042C6E6 /* Resources */,
			);
			buildRules = (
			);
			dependencies = (
				0B3C52F1294684AA0042C6E6 /* PBXTargetDependency */,
			);
			name = WordPointTests;
			productName = WordPointTests;
			productReference = 0B3C52EF294684AA0042C6E6 /* WordPointTests.xctest */;
			productType = "com.apple.product-type.bundle.unit-test";
		};
		0B3C52F8294684AA0042C6E6 /* WordPointUITests */ = {
			isa = PBXNativeTarget;
			buildConfigurationList = 0B3C5309294684AA0042C6E6 /* Build configuration list for PBXNativeTarget "WordPointUITests" */;
			buildPhases = (
				0B3C52F5294684AA0042C6E6 /* Sources */,
				0B3C52F6294684AA0042C6E6 /* Frameworks */,
				0B3C52F7294684AA0042C6E6 /* Resources */,
			);
			buildRules = (
			);
			dependencies = (
				0B3C52FB294684AA0042C6E6 /* PBXTargetDependency */,
			);
			name = WordPointUITests;
			productName = WordPointUITests;
			productReference = 0B3C52F9294684AA0042C6E6 /* WordPointUITests.xctest */;
			productType = "com.apple.product-type.bundle.ui-testing";
		};
/* End PBXNativeTarget section */

/* Begin PBXProject section */
		0B3C52D5294684A90042C6E6 /* Project object */ = {
			isa = PBXProject;
			attributes = {
				BuildIndependentTargetsInParallel = 1;
				LastSwiftUpdateCheck = 1410;
				LastUpgradeCheck = 1410;
				TargetAttributes = {
					0B3C52DC294684A90042C6E6 = {
						CreatedOnToolsVersion = 14.1;
					};
					0B3C52EE294684AA0042C6E6 = {
						CreatedOnToolsVersion = 14.1;
						TestTargetID = 0B3C52DC294684A90042C6E6;
					};
					0B3C52F8294684AA0042C6E6 = {
						CreatedOnToolsVersion = 14.1;
						TestTargetID = 0B3C52DC294684A90042C6E6;
					};
				};
			};
			buildConfigurationList = 0B3C52D8294684A90042C6E6 /* Build configuration list for PBXProject "WordPoint" */;
			compatibilityVersion = "Xcode 14.0";
			developmentRegion = en;
			hasScannedForEncodings = 0;
			knownRegions = (
				en,
				Base,
			);
			mainGroup = 0B3C52D4294684A90042C6E6;
			packageReferences = (
				0B3C53132946C6840042C6E6 /* XCRemoteSwiftPackageReference "FocusEntity" */,
			);
			productRefGroup = 0B3C52DE294684A90042C6E6 /* Products */;
			projectDirPath = "";
			projectRoot = "";
			targets = (
				0B3C52DC294684A90042C6E6 /* WordPoint */,
				0B3C52EE294684AA0042C6E6 /* WordPointTests */,
				0B3C52F8294684AA0042C6E6 /* WordPointUITests */,
			);
		};
/* End PBXProject section */

/* Begin PBXResourcesBuildPhase section */
		0B3C52DB294684A90042C6E6 /* Resources */ = {
			isa = PBXResourcesBuildPhase;
			buildActionMask = 2147483647;
			files = (
				0B3C52EA294684AA0042C6E6 /* Preview Assets.xcassets in Resources */,
				0B3C52E7294684AA0042C6E6 /* Assets.xcassets in Resources */,
				0B3C5317294952660042C6E6 /* Dice.usdz in Resources */,
			);
			runOnlyForDeploymentPostprocessing = 0;
		};
		0B3C52ED294684AA0042C6E6 /* Resources */ = {
			isa = PBXResourcesBuildPhase;
			buildActionMask = 2147483647;
			files = (
			);
			runOnlyForDeploymentPostprocessing = 0;
		};
		0B3C52F7294684AA0042C6E6 /* Resources */ = {
			isa = PBXResourcesBuildPhase;
			buildActionMask = 2147483647;
			files = (
			);
			runOnlyForDeploymentPostprocessing = 0;
		};
/* End PBXResourcesBuildPhase section */

/* Begin PBXSourcesBuildPhase section */
		0B3C52D9294684A90042C6E6 /* Sources */ = {
			isa = PBXSourcesBuildPhase;
			buildActionMask = 2147483647;
			files = (
				0B3C52E3294684A90042C6E6 /* ContentView.swift in Sources */,
				0B3C530D2946867F0042C6E6 /* ARView.swift in Sources */,
				0B3C52E1294684A90042C6E6 /* AppDelegate.swift in Sources */,
				0B3C5312294698440042C6E6 /* PlaneEnum.swift in Sources */,
				0B3C52E5294684A90042C6E6 /* Experience.rcproject in Sources */,
			);
			runOnlyForDeploymentPostprocessing = 0;
		};
		0B3C52EB294684AA0042C6E6 /* Sources */ = {
			isa = PBXSourcesBuildPhase;
			buildActionMask = 2147483647;
			files = (
				0B3C52F4294684AA0042C6E6 /* WordPointTests.swift in Sources */,
			);
			runOnlyForDeploymentPostprocessing = 0;
		};
		0B3C52F5294684AA0042C6E6 /* Sources */ = {
			isa = PBXSourcesBuildPhase;
			buildActionMask = 2147483647;
			files = (
				0B3C52FE294684AA0042C6E6 /* WordPointUITests.swift in Sources */,
				0B3C5300294684AA0042C6E6 /* WordPointUITestsLaunchTests.swift in Sources */,
			);
			runOnlyForDeploymentPostprocessing = 0;
		};
/* End PBXSourcesBuildPhase section */

/* Begin PBXTargetDependency section */
		0B3C52F1294684AA0042C6E6 /* PBXTargetDependency */ = {
			isa = PBXTargetDependency;
			target = 0B3C52DC294684A90042C6E6 /* WordPoint */;
			targetProxy = 0B3C52F0294684AA0042C6E6 /* PBXContainerItemProxy */;
		};
		0B3C52FB294684AA0042C6E6 /* PBXTargetDependency */ = {
			isa = PBXTargetDependency;
			target = 0B3C52DC294684A90042C6E6 /* WordPoint */;
			targetProxy = 0B3C52FA294684AA0042C6E6 /* PBXContainerItemProxy */;
		};
/* End PBXTargetDependency section */

/* Begin XCBuildConfiguration section */
		0B3C5301294684AA0042C6E6 /* Debug */ = {
			isa = XCBuildConfiguration;
			buildSettings = {
				ALWAYS_SEARCH_USER_PATHS = NO;
				CLANG_ANALYZER_NONNULL = YES;
				CLANG_ANALYZER_NUMBER_OBJECT_CONVERSION = YES_AGGRESSIVE;
				CLANG_CXX_LANGUAGE_STANDARD = "gnu++20";
				CLANG_ENABLE_MODULES = YES;
				CLANG_ENABLE_OBJC_ARC = YES;
				CLANG_ENABLE_OBJC_WEAK = YES;
				CLANG_WARN_BLOCK_CAPTURE_AUTORELEASING = YES;
				CLANG_WARN_BOOL_CONVERSION = YES;
				CLANG_WARN_COMMA = YES;
				CLANG_WARN_CONSTANT_CONVERSION = YES;
				CLANG_WARN_DEPRECATED_OBJC_IMPLEMENTATIONS = YES;
				CLANG_WARN_DIRECT_OBJC_ISA_USAGE = YES_ERROR;
				CLANG_WARN_DOCUMENTATION_COMMENTS = YES;
				CLANG_WARN_EMPTY_BODY = YES;
				CLANG_WARN_ENUM_CONVERSION = YES;
				CLANG_WARN_INFINITE_RECURSION = YES;
				CLANG_WARN_INT_CONVERSION = YES;
				CLANG_WARN_NON_LITERAL_NULL_CONVERSION = YES;
				CLANG_WARN_OBJC_IMPLICIT_RETAIN_SELF = YES;
				CLANG_WARN_OBJC_LITERAL_CONVERSION = YES;
				CLANG_WARN_OBJC_ROOT_CLASS = YES_ERROR;
				CLANG_WARN_QUOTED_INCLUDE_IN_FRAMEWORK_HEADER = YES;
				CLANG_WARN_RANGE_LOOP_ANALYSIS = YES;
				CLANG_WARN_STRICT_PROTOTYPES = YES;
				CLANG_WARN_SUSPICIOUS_MOVE = YES;
				CLANG_WARN_UNGUARDED_AVAILABILITY = YES_AGGRESSIVE;
				CLANG_WARN_UNREACHABLE_CODE = YES;
				CLANG_WARN__DUPLICATE_METHOD_MATCH = YES;
				COPY_PHASE_STRIP = NO;
				DEBUG_INFORMATION_FORMAT = dwarf;
				ENABLE_STRICT_OBJC_MSGSEND = YES;
				ENABLE_TESTABILITY = YES;
				GCC_C_LANGUAGE_STANDARD = gnu11;
				GCC_DYNAMIC_NO_PIC = NO;
				GCC_NO_COMMON_BLOCKS = YES;
				GCC_OPTIMIZATION_LEVEL = 0;
				GCC_PREPROCESSOR_DEFINITIONS = (
					"DEBUG=1",
					"$(inherited)",
				);
				GCC_WARN_64_TO_32_BIT_CONVERSION = YES;
				GCC_WARN_ABOUT_RETURN_TYPE = YES_ERROR;
				GCC_WARN_UNDECLARED_SELECTOR = YES;
				GCC_WARN_UNINITIALIZED_AUTOS = YES_AGGRESSIVE;
				GCC_WARN_UNUSED_FUNCTION = YES;
				GCC_WARN_UNUSED_VARIABLE = YES;
				IPHONEOS_DEPLOYMENT_TARGET = 16.1;
				MTL_ENABLE_DEBUG_INFO = INCLUDE_SOURCE;
				MTL_FAST_MATH = YES;
				ONLY_ACTIVE_ARCH = YES;
				SDKROOT = iphoneos;
				SWIFT_ACTIVE_COMPILATION_CONDITIONS = DEBUG;
				SWIFT_OPTIMIZATION_LEVEL = "-Onone";
			};
			name = Debug;
		};
		0B3C5302294684AA0042C6E6 /* Release */ = {
			isa = XCBuildConfiguration;
			buildSettings = {
				ALWAYS_SEARCH_USER_PATHS = NO;
				CLANG_ANALYZER_NONNULL = YES;
				CLANG_ANALYZER_NUMBER_OBJECT_CONVERSION = YES_AGGRESSIVE;
				CLANG_CXX_LANGUAGE_STANDARD = "gnu++20";
				CLANG_ENABLE_MODULES = YES;
				CLANG_ENABLE_OBJC_ARC = YES;
				CLANG_ENABLE_OBJC_WEAK = YES;
				CLANG_WARN_BLOCK_CAPTURE_AUTORELEASING = YES;
				CLANG_WARN_BOOL_CONVERSION = YES;
				CLANG_WARN_COMMA = YES;
				CLANG_WARN_CONSTANT_CONVERSION = YES;
				CLANG_WARN_DEPRECATED_OBJC_IMPLEMENTATIONS = YES;
				CLANG_WARN_DIRECT_OBJC_ISA_USAGE = YES_ERROR;
				CLANG_WARN_DOCUMENTATION_COMMENTS = YES;
				CLANG_WARN_EMPTY_BODY = YES;
				CLANG_WARN_ENUM_CONVERSION = YES;
				CLANG_WARN_INFINITE_RECURSION = YES;
				CLANG_WARN_INT_CONVERSION = YES;
				CLANG_WARN_NON_LITERAL_NULL_CONVERSION = YES;
				CLANG_WARN_OBJC_IMPLICIT_RETAIN_SELF = YES;
				CLANG_WARN_OBJC_LITERAL_CONVERSION = YES;
				CLANG_WARN_OBJC_ROOT_CLASS = YES_ERROR;
				CLANG_WARN_QUOTED_INCLUDE_IN_FRAMEWORK_HEADER = YES;
				CLANG_WARN_RANGE_LOOP_ANALYSIS = YES;
				CLANG_WARN_STRICT_PROTOTYPES = YES;
				CLANG_WARN_SUSPICIOUS_MOVE = YES;
				CLANG_WARN_UNGUARDED_AVAILABILITY = YES_AGGRESSIVE;
				CLANG_WARN_UNREACHABLE_CODE = YES;
				CLANG_WARN__DUPLICATE_METHOD_MATCH = YES;
				COPY_PHASE_STRIP = NO;
				DEBUG_INFORMATION_FORMAT = "dwarf-with-dsym";
				ENABLE_NS_ASSERTIONS = NO;
				ENABLE_STRICT_OBJC_MSGSEND = YES;
				GCC_C_LANGUAGE_STANDARD = gnu11;
				GCC_NO_COMMON_BLOCKS = YES;
				GCC_WARN_64_TO_32_BIT_CONVERSION = YES;
				GCC_WARN_ABOUT_RETURN_TYPE = YES_ERROR;
				GCC_WARN_UNDECLARED_SELECTOR = YES;
				GCC_WARN_UNINITIALIZED_AUTOS = YES_AGGRESSIVE;
				GCC_WARN_UNUSED_FUNCTION = YES;
				GCC_WARN_UNUSED_VARIABLE = YES;
				IPHONEOS_DEPLOYMENT_TARGET = 16.1;
				MTL_ENABLE_DEBUG_INFO = NO;
				MTL_FAST_MATH = YES;
				SDKROOT = iphoneos;
				SWIFT_COMPILATION_MODE = wholemodule;
				SWIFT_OPTIMIZATION_LEVEL = "-O";
				VALIDATE_PRODUCT = YES;
			};
			name = Release;
		};
		0B3C5304294684AA0042C6E6 /* Debug */ = {
			isa = XCBuildConfiguration;
			buildSettings = {
				ASSETCATALOG_COMPILER_APPICON_NAME = AppIcon;
				ASSETCATALOG_COMPILER_GLOBAL_ACCENT_COLOR_NAME = AccentColor;
				CODE_SIGN_STYLE = Automatic;
				CURRENT_PROJECT_VERSION = 1;
				DEVELOPMENT_ASSET_PATHS = "\"WordPoint/Preview Content\"";
				DEVELOPMENT_TEAM = 8TXZ7W2TYZ;
				ENABLE_PREVIEWS = YES;
				GENERATE_INFOPLIST_FILE = YES;
				INFOPLIST_FILE = WordPoint/Info.plist;
				INFOPLIST_KEY_NSCameraUsageDescription = "Augmented Reality";
				INFOPLIST_KEY_UIApplicationSupportsIndirectInputEvents = YES;
				INFOPLIST_KEY_UILaunchScreen_Generation = YES;
				INFOPLIST_KEY_UIRequiredDeviceCapabilities = arkit;
				INFOPLIST_KEY_UIStatusBarHidden = YES;
				INFOPLIST_KEY_UISupportedInterfaceOrientations_iPad = "UIInterfaceOrientationPortrait UIInterfaceOrientationPortraitUpsideDown UIInterfaceOrientationLandscapeLeft UIInterfaceOrientationLandscapeRight";
				INFOPLIST_KEY_UISupportedInterfaceOrientations_iPhone = "UIInterfaceOrientationPortrait UIInterfaceOrientationLandscapeLeft UIInterfaceOrientationLandscapeRight";
				IPHONEOS_DEPLOYMENT_TARGET = 16.0;
				LD_RUNPATH_SEARCH_PATHS = (
					"$(inherited)",
					"@executable_path/Frameworks",
				);
				MARKETING_VERSION = 1.0;
				PRODUCT_BUNDLE_IDENTIFIER = joe.WordPoint;
				PRODUCT_NAME = "$(TARGET_NAME)";
				SWIFT_EMIT_LOC_STRINGS = YES;
				SWIFT_VERSION = 5.0;
				TARGETED_DEVICE_FAMILY = "1,2";
			};
			name = Debug;
		};
		0B3C5305294684AA0042C6E6 /* Release */ = {
			isa = XCBuildConfiguration;
			buildSettings = {
				ASSETCATALOG_COMPILER_APPICON_NAME = AppIcon;
				ASSETCATALOG_COMPILER_GLOBAL_ACCENT_COLOR_NAME = AccentColor;
				CODE_SIGN_STYLE = Automatic;
				CURRENT_PROJECT_VERSION = 1;
				DEVELOPMENT_ASSET_PATHS = "\"WordPoint/Preview Content\"";
				DEVELOPMENT_TEAM = 8TXZ7W2TYZ;
				ENABLE_PREVIEWS = YES;
				GENERATE_INFOPLIST_FILE = YES;
				INFOPLIST_FILE = WordPoint/Info.plist;
				INFOPLIST_KEY_NSCameraUsageDescription = "Augmented Reality";
				INFOPLIST_KEY_UIApplicationSupportsIndirectInputEvents = YES;
				INFOPLIST_KEY_UILaunchScreen_Generation = YES;
				INFOPLIST_KEY_UIRequiredDeviceCapabilities = arkit;
				INFOPLIST_KEY_UIStatusBarHidden = YES;
				INFOPLIST_KEY_UISupportedInterfaceOrientations_iPad = "UIInterfaceOrientationPortrait UIInterfaceOrientationPortraitUpsideDown UIInterfaceOrientationLandscapeLeft UIInterfaceOrientationLandscapeRight";
				INFOPLIST_KEY_UISupportedInterfaceOrientations_iPhone = "UIInterfaceOrientationPortrait UIInterfaceOrientationLandscapeLeft UIInterfaceOrientationLandscapeRight";
				IPHONEOS_DEPLOYMENT_TARGET = 16.0;
				LD_RUNPATH_SEARCH_PATHS = (
					"$(inherited)",
					"@executable_path/Frameworks",
				);
				MARKETING_VERSION = 1.0;
				PRODUCT_BUNDLE_IDENTIFIER = joe.WordPoint;
				PRODUCT_NAME = "$(TARGET_NAME)";
				SWIFT_EMIT_LOC_STRINGS = YES;
				SWIFT_VERSION = 5.0;
				TARGETED_DEVICE_FAMILY = "1,2";
			};
			name = Release;
		};
		0B3C5307294684AA0042C6E6 /* Debug */ = {
			isa = XCBuildConfiguration;
			buildSettings = {
				ALWAYS_EMBED_SWIFT_STANDARD_LIBRARIES = YES;
				BUNDLE_LOADER = "$(TEST_HOST)";
				CODE_SIGN_STYLE = Automatic;
				CURRENT_PROJECT_VERSION = 1;
				DEVELOPMENT_TEAM = 8TXZ7W2TYZ;
				GENERATE_INFOPLIST_FILE = YES;
				IPHONEOS_DEPLOYMENT_TARGET = 16.1;
				MARKETING_VERSION = 1.0;
				PRODUCT_BUNDLE_IDENTIFIER = joe.WordPointTests;
				PRODUCT_NAME = "$(TARGET_NAME)";
				SWIFT_EMIT_LOC_STRINGS = NO;
				SWIFT_VERSION = 5.0;
				TARGETED_DEVICE_FAMILY = "1,2";
				TEST_HOST = "$(BUILT_PRODUCTS_DIR)/WordPoint.app/$(BUNDLE_EXECUTABLE_FOLDER_PATH)/WordPoint";
			};
			name = Debug;
		};
		0B3C5308294684AA0042C6E6 /* Release */ = {
			isa = XCBuildConfiguration;
			buildSettings = {
				ALWAYS_EMBED_SWIFT_STANDARD_LIBRARIES = YES;
				BUNDLE_LOADER = "$(TEST_HOST)";
				CODE_SIGN_STYLE = Automatic;
				CURRENT_PROJECT_VERSION = 1;
				DEVELOPMENT_TEAM = 8TXZ7W2TYZ;
				GENERATE_INFOPLIST_FILE = YES;
				IPHONEOS_DEPLOYMENT_TARGET = 16.1;
				MARKETING_VERSION = 1.0;
				PRODUCT_BUNDLE_IDENTIFIER = joe.WordPointTests;
				PRODUCT_NAME = "$(TARGET_NAME)";
				SWIFT_EMIT_LOC_STRINGS = NO;
				SWIFT_VERSION = 5.0;
				TARGETED_DEVICE_FAMILY = "1,2";
				TEST_HOST = "$(BUILT_PRODUCTS_DIR)/WordPoint.app/$(BUNDLE_EXECUTABLE_FOLDER_PATH)/WordPoint";
			};
			name = Release;
		};
		0B3C530A294684AA0042C6E6 /* Debug */ = {
			isa = XCBuildConfiguration;
			buildSettings = {
				ALWAYS_EMBED_SWIFT_STANDARD_LIBRARIES = YES;
				CODE_SIGN_STYLE = Automatic;
				CURRENT_PROJECT_VERSION = 1;
				DEVELOPMENT_TEAM = 8TXZ7W2TYZ;
				GENERATE_INFOPLIST_FILE = YES;
				MARKETING_VERSION = 1.0;
				PRODUCT_BUNDLE_IDENTIFIER = joe.WordPointUITests;
				PRODUCT_NAME = "$(TARGET_NAME)";
				SWIFT_EMIT_LOC_STRINGS = NO;
				SWIFT_VERSION = 5.0;
				TARGETED_DEVICE_FAMILY = "1,2";
				TEST_TARGET_NAME = WordPoint;
			};
			name = Debug;
		};
		0B3C530B294684AA0042C6E6 /* Release */ = {
			isa = XCBuildConfiguration;
			buildSettings = {
				ALWAYS_EMBED_SWIFT_STANDARD_LIBRARIES = YES;
				CODE_SIGN_STYLE = Automatic;
				CURRENT_PROJECT_VERSION = 1;
				DEVELOPMENT_TEAM = 8TXZ7W2TYZ;
				GENERATE_INFOPLIST_FILE = YES;
				MARKETING_VERSION = 1.0;
				PRODUCT_BUNDLE_IDENTIFIER = joe.WordPointUITests;
				PRODUCT_NAME = "$(TARGET_NAME)";
				SWIFT_EMIT_LOC_STRINGS = NO;
				SWIFT_VERSION = 5.0;
				TARGETED_DEVICE_FAMILY = "1,2";
				TEST_TARGET_NAME = WordPoint;
			};
			name = Release;
		};
/* End XCBuildConfiguration section */

/* Begin XCConfigurationList section */
		0B3C52D8294684A90042C6E6 /* Build configuration list for PBXProject "WordPoint" */ = {
			isa = XCConfigurationList;
			buildConfigurations = (
				0B3C5301294684AA0042C6E6 /* Debug */,
				0B3C5302294684AA0042C6E6 /* Release */,
			);
			defaultConfigurationIsVisible = 0;
			defaultConfigurationName = Release;
		};
		0B3C5303294684AA0042C6E6 /* Build configuration list for PBXNativeTarget "WordPoint" */ = {
			isa = XCConfigurationList;
			buildConfigurations = (
				0B3C5304294684AA0042C6E6 /* Debug */,
				0B3C5305294684AA0042C6E6 /* Release */,
			);
			defaultConfigurationIsVisible = 0;
			defaultConfigurationName = Release;
		};
		0B3C5306294684AA0042C6E6 /* Build configuration list for PBXNativeTarget "WordPointTests" */ = {
			isa = XCConfigurationList;
			buildConfigurations = (
				0B3C5307294684AA0042C6E6 /* Debug */,
				0B3C5308294684AA0042C6E6 /* Release */,
			);
			defaultConfigurationIsVisible = 0;
			defaultConfigurationName = Release;
		};
		0B3C5309294684AA0042C6E6 /* Build configuration list for PBXNativeTarget "WordPointUITests" */ = {
			isa = XCConfigurationList;
			buildConfigurations = (
				0B3C530A294684AA0042C6E6 /* Debug */,
				0B3C530B294684AA0042C6E6 /* Release */,
			);
			defaultConfigurationIsVisible = 0;
			defaultConfigurationName = Release;
		};
/* End XCConfigurationList section */

/* Begin XCRemoteSwiftPackageReference section */
		0B3C53132946C6840042C6E6 /* XCRemoteSwiftPackageReference "FocusEntity" */ = {
			isa = XCRemoteSwiftPackageReference;
			repositoryURL = "https://github.com/maxxfrazer/FocusEntity";
			requirement = {
				kind = upToNextMajorVersion;
				minimumVersion = 2.0.0;
			};
		};
/* End XCRemoteSwiftPackageReference section */

/* Begin XCSwiftPackageProductDependency section */
		0B3C53142946C6840042C6E6 /* FocusEntity */ = {
			isa = XCSwiftPackageProductDependency;
			package = 0B3C53132946C6840042C6E6 /* XCRemoteSwiftPackageReference "FocusEntity" */;
			productName = FocusEntity;
		};
/* End XCSwiftPackageProductDependency section */
	};
	rootObject = 0B3C52D5294684A90042C6E6 /* Project object */;
}
